<?xml version="1.0" encoding="utf-8"?>
<Project ToolsVersion="4.0" xmlns="http://schemas.microsoft.com/developer/msbuild/2003">
  <ItemGroup>
    <Filter Include="來源檔案">
      <UniqueIdentifier>{4FC737F1-C7A5-4376-A066-2A32D752A2FF}</UniqueIdentifier>
      <Extensions>cpp;c;cc;cxx;c++;cppm;ixx;def;odl;idl;hpj;bat;asm;asmx</Extensions>
    </Filter>
    <Filter Include="標頭檔">
      <UniqueIdentifier>{93995380-89BD-4b04-88EB-625FBE52EBFB}</UniqueIdentifier>
      <Extensions>h;hh;hpp;hxx;h++;hm;inl;inc;ipp;xsd</Extensions>
    </Filter>
    <Filter Include="來源檔案\camera">
      <UniqueIdentifier>{a7395f8f-7635-4906-a97e-0461ec899356}</UniqueIdentifier>
    </Filter>
    <Filter Include="來源檔案\shape">
      <UniqueIdentifier>{d8b2e208-feee-43b2-ba13-7f8834d7cdb6}</UniqueIdentifier>
    </Filter>
    <Filter Include="標頭檔\camera">
      <UniqueIdentifier>{27788e96-290f-4e40-9008-3c7a51d62beb}</UniqueIdentifier>
    </Filter>
    <Filter Include="標頭檔\shape">
      <UniqueIdentifier>{196f6c0a-f203-4a81-b472-714a13a57674}</UniqueIdentifier>
    </Filter>
    <Filter Include="來源檔案\buffer">
      <UniqueIdentifier>{cd685941-eb3e-45e8-a48b-c4605e022962}</UniqueIdentifier>
    </Filter>
    <Filter Include="來源檔案\texture">
      <UniqueIdentifier>{6c8c5fd6-66b7-4d57-858c-c5bcc72f8a46}</UniqueIdentifier>
    </Filter>
    <Filter Include="來源檔案\shader">
      <UniqueIdentifier>{eee3d4fd-baef-4b12-9480-ba8334a2c5db}</UniqueIdentifier>
    </Filter>
    <Filter Include="標頭檔\buffer">
      <UniqueIdentifier>{55db3813-b4b5-4452-a8b2-16a9dc1f01b2}</UniqueIdentifier>
    </Filter>
    <Filter Include="標頭檔\texture">
      <UniqueIdentifier>{dbc61221-398e-482d-a143-f0f45a3c3854}</UniqueIdentifier>
    </Filter>
    <Filter Include="標頭檔\shader">
      <UniqueIdentifier>{96365702-77e9-45d9-86c9-5b4847504108}</UniqueIdentifier>
    </Filter>
    <Filter Include="來源檔案\extern">
      <UniqueIdentifier>{2c75d4af-741c-427f-800d-98fa4b575a90}</UniqueIdentifier>
    </Filter>
    <Filter Include="來源檔案\extern\imgui">
      <UniqueIdentifier>{93e7e867-af52-4447-9375-fed10292106c}</UniqueIdentifier>
    </Filter>
    <Filter Include="著色器">
      <UniqueIdentifier>{ec8fa1a5-a904-42e7-8f7a-9c9b6857a031}</UniqueIdentifier>
    </Filter>
  </ItemGroup>
  <ItemGroup>
    <ClCompile Include="..\..\src\camera\camera.cpp">
      <Filter>來源檔案\camera</Filter>
    </ClCompile>
    <ClCompile Include="..\..\src\camera\quat_camera.cpp">
      <Filter>來源檔案\camera</Filter>
    </ClCompile>
    <ClCompile Include="..\..\src\context_manager.cpp">
      <Filter>來源檔案</Filter>
    </ClCompile>
    <ClCompile Include="..\..\src\main.cpp">
      <Filter>來源檔案</Filter>
    </ClCompile>
    <ClCompile Include="..\..\src\shape\plane.cpp">
      <Filter>來源檔案\shape</Filter>
    </ClCompile>
    <ClCompile Include="..\..\src\shape\sphere.cpp">
      <Filter>來源檔案\shape</Filter>
    </ClCompile>
    <ClCompile Include="..\..\src\buffer\buffer.cpp">
      <Filter>來源檔案\buffer</Filter>
    </ClCompile>
    <ClCompile Include="..\..\src\buffer\vertexarray.cpp">
      <Filter>來源檔案\buffer</Filter>
    </ClCompile>
    <ClCompile Include="..\..\src\texture\texture.cpp">
      <Filter>來源檔案\texture</Filter>
    </ClCompile>
    <ClCompile Include="..\..\src\texture\texture2d.cpp">
      <Filter>來源檔案\texture</Filter>
    </ClCompile>
    <ClCompile Include="..\..\src\shader\program.cpp">
      <Filter>來源檔案\shader</Filter>
    </ClCompile>
    <ClCompile Include="..\..\src\shader\shader.cpp">
      <Filter>來源檔案\shader</Filter>
    </ClCompile>
    <ClCompile Include="..\..\src\shape\cube.cpp">
      <Filter>來源檔案\shape</Filter>
    </ClCompile>
    <ClCompile Include="..\..\src\texture\cubemap.cpp">
      <Filter>來源檔案\texture</Filter>
    </ClCompile>
    <ClCompile Include="..\..\extern\imgui\src\imgui_widgets.cpp">
      <Filter>來源檔案\extern\imgui</Filter>
    </ClCompile>
    <ClCompile Include="..\..\extern\imgui\src\imgui_tables.cpp">
      <Filter>來源檔案\extern\imgui</Filter>
    </ClCompile>
    <ClCompile Include="..\..\extern\imgui\src\imgui_impl_opengl3.cpp">
      <Filter>來源檔案\extern\imgui</Filter>
    </ClCompile>
    <ClCompile Include="..\..\extern\imgui\src\imgui_impl_glfw.cpp">
      <Filter>來源檔案\extern\imgui</Filter>
    </ClCompile>
    <ClCompile Include="..\..\extern\imgui\src\imgui_draw.cpp">
      <Filter>來源檔案\extern\imgui</Filter>
    </ClCompile>
    <ClCompile Include="..\..\extern\imgui\src\imgui_demo.cpp">
      <Filter>來源檔案\extern\imgui</Filter>
    </ClCompile>
    <ClCompile Include="..\..\extern\imgui\src\imgui.cpp">
      <Filter>來源檔案\extern\imgui</Filter>
    </ClCompile>
    <ClCompile Include="..\..\src\texture\framebuffertexture.cpp">
      <Filter>來源檔案\texture</Filter>
    </ClCompile>
  </ItemGroup>
  <ItemGroup>
    <ClInclude Include="..\include\context_manager.h">
      <Filter>標頭檔</Filter>
    </ClInclude>
    <ClInclude Include="..\include\utils.h">
      <Filter>標頭檔</Filter>
    </ClInclude>
    <ClInclude Include="..\..\include\camera\camera.h">
      <Filter>標頭檔\camera</Filter>
    </ClInclude>
    <ClInclude Include="..\..\include\camera\quat_camera.h">
      <Filter>標頭檔\camera</Filter>
    </ClInclude>
    <ClInclude Include="..\..\include\shape\shape.h">
      <Filter>標頭檔\shape</Filter>
    </ClInclude>
    <ClInclude Include="..\..\include\shape\plane.h">
      <Filter>標頭檔\shape</Filter>
    </ClInclude>
    <ClInclude Include="..\..\include\shape\sphere.h">
      <Filter>標頭檔\shape</Filter>
    </ClInclude>
    <ClInclude Include="..\..\include\texture\texture.h">
      <Filter>標頭檔\texture</Filter>
    </ClInclude>
    <ClInclude Include="..\..\include\texture\texture2d.h">
      <Filter>標頭檔\texture</Filter>
    </ClInclude>
    <ClInclude Include="..\..\include\buffer\buffer.h">
      <Filter>標頭檔\buffer</Filter>
    </ClInclude>
    <ClInclude Include="..\..\include\buffer\vertexarray.h">
      <Filter>標頭檔\buffer</Filter>
    </ClInclude>
    <ClInclude Include="..\..\include\shader\program.h">
      <Filter>標頭檔\shader</Filter>
    </ClInclude>
    <ClInclude Include="..\..\include\shader\shader.h">
      <Filter>標頭檔\shader</Filter>
    </ClInclude>
    <ClInclude Include="..\..\include\filesystem.h">
      <Filter>標頭檔</Filter>
    </ClInclude>
    <ClInclude Include="..\..\include\graphics.h">
      <Filter>標頭檔</Filter>
    </ClInclude>
    <ClInclude Include="..\..\include\shape\cube.h">
      <Filter>標頭檔\shape</Filter>
    </ClInclude>
    <ClInclude Include="..\..\include\texture\cubemap.h">
      <Filter>標頭檔\texture</Filter>
    </ClInclude>
    <ClInclude Include="..\..\include\mesh.h">
      <Filter>標頭檔</Filter>
    </ClInclude>
    <ClInclude Include="..\..\include\texture\framebuffertexture.h">
      <Filter>標頭檔\texture</Filter>
    </ClInclude>
  </ItemGroup>
  <ItemGroup>
    <None Include="..\..\assets\shader\calculatenormal.frag">
      <Filter>著色器</Filter>
    </None>
    <None Include="..\..\assets\shader\calculatenormal.vert">
      <Filter>著色器</Filter>
    </None>
    <None Include="..\..\assets\shader\fresnel.frag">
      <Filter>著色器</Filter>
    </None>
    <None Include="..\..\assets\shader\fresnel.vert">
      <Filter>著色器</Filter>
    </None>
    <None Include="..\..\assets\shader\normalmap.frag">
      <Filter>著色器</Filter>
    </None>
    <None Include="..\..\assets\shader\normalmap.vert">
      <Filter>著色器</Filter>
    </None>
    <None Include="..\..\assets\shader\skybox.frag">
      <Filter>著色器</Filter>
    </None>
    <None Include="..\..\assets\shader\skybox.vert">
      <Filter>著色器</Filter>
    </None>
  </ItemGroup>
</Project>